// !$*UTF8*$!
{
	archiveVersion = 1;
	classes = {
	};
	objectVersion = 51;
	objects = {

/* Begin PBXBuildFile section */
		158DBA17678A1DF36414E9F8 /* Pods_Flix.framework in Frameworks */ = {isa = PBXBuildFile; fileRef = 89E429076A49C3F1D0D06F00 /* Pods_Flix.framework */; };
		C01501CE2363C57800819B1F /* MovieGridCell.swift in Sources */ = {isa = PBXBuildFile; fileRef = C01501CD2363C57800819B1F /* MovieGridCell.swift */; };
		C01501D02363C69500819B1F /* MovieGridViewController.swift in Sources */ = {isa = PBXBuildFile; fileRef = C01501CF2363C69500819B1F /* MovieGridViewController.swift */; };
		C0402C0C23634D34005C390B /* MovieDetailsViewController.swift in Sources */ = {isa = PBXBuildFile; fileRef = C0402C0B23634D34005C390B /* MovieDetailsViewController.swift */; };
		C085FA35235E01C4007CE63F /* AppDelegate.swift in Sources */ = {isa = PBXBuildFile; fileRef = C085FA34235E01C4007CE63F /* AppDelegate.swift */; };
		C085FA37235E01C4007CE63F /* SceneDelegate.swift in Sources */ = {isa = PBXBuildFile; fileRef = C085FA36235E01C4007CE63F /* SceneDelegate.swift */; };
		C085FA3C235E01C4007CE63F /* Main.storyboard in Resources */ = {isa = PBXBuildFile; fileRef = C085FA3A235E01C4007CE63F /* Main.storyboard */; };
		C085FA3E235E01CC007CE63F /* Assets.xcassets in Resources */ = {isa = PBXBuildFile; fileRef = C085FA3D235E01CC007CE63F /* Assets.xcassets */; };
		C085FA41235E01CC007CE63F /* LaunchScreen.storyboard in Resources */ = {isa = PBXBuildFile; fileRef = C085FA3F235E01CC007CE63F /* LaunchScreen.storyboard */; };
		C085FA4B235E0E65007CE63F /* MoviesViewController.swift in Sources */ = {isa = PBXBuildFile; fileRef = C085FA4A235E0E65007CE63F /* MoviesViewController.swift */; };
		C085FA4D235E1535007CE63F /* MovieCell.swift in Sources */ = {isa = PBXBuildFile; fileRef = C085FA4C235E1535007CE63F /* MovieCell.swift */; };
/* End PBXBuildFile section */

/* Begin PBXFileReference section */
		44847537C07FA210704068F1 /* Pods-Flix.debug.xcconfig */ = {isa = PBXFileReference; includeInIndex = 1; lastKnownFileType = text.xcconfig; name = "Pods-Flix.debug.xcconfig"; path = "Target Support Files/Pods-Flix/Pods-Flix.debug.xcconfig"; sourceTree = "<group>"; };
		89E429076A49C3F1D0D06F00 /* Pods_Flix.framework */ = {isa = PBXFileReference; explicitFileType = wrapper.framework; includeInIndex = 0; path = Pods_Flix.framework; sourceTree = BUILT_PRODUCTS_DIR; };
		C01501CD2363C57800819B1F /* MovieGridCell.swift */ = {isa = PBXFileReference; lastKnownFileType = sourcecode.swift; path = MovieGridCell.swift; sourceTree = "<group>"; };
		C01501CF2363C69500819B1F /* MovieGridViewController.swift */ = {isa = PBXFileReference; lastKnownFileType = sourcecode.swift; path = MovieGridViewController.swift; sourceTree = "<group>"; };
		C0402C0B23634D34005C390B /* MovieDetailsViewController.swift */ = {isa = PBXFileReference; lastKnownFileType = sourcecode.swift; path = MovieDetailsViewController.swift; sourceTree = "<group>"; };
		C085FA31235E01C4007CE63F /* Flix.app */ = {isa = PBXFileReference; explicitFileType = wrapper.application; includeInIndex = 0; path = Flix.app; sourceTree = BUILT_PRODUCTS_DIR; };
		C085FA34235E01C4007CE63F /* AppDelegate.swift */ = {isa = PBXFileReference; lastKnownFileType = sourcecode.swift; path = AppDelegate.swift; sourceTree = "<group>"; };
		C085FA36235E01C4007CE63F /* SceneDelegate.swift */ = {isa = PBXFileReference; lastKnownFileType = sourcecode.swift; path = SceneDelegate.swift; sourceTree = "<group>"; };
		C085FA3B235E01C4007CE63F /* Base */ = {isa = PBXFileReference; lastKnownFileType = file.storyboard; name = Base; path = Base.lproj/Main.storyboard; sourceTree = "<group>"; };
		C085FA3D235E01CC007CE63F /* Assets.xcassets */ = {isa = PBXFileReference; lastKnownFileType = folder.assetcatalog; path = Assets.xcassets; sourceTree = "<group>"; };
		C085FA40235E01CC007CE63F /* Base */ = {isa = PBXFileReference; lastKnownFileType = file.storyboard; name = Base; path = Base.lproj/LaunchScreen.storyboard; sourceTree = "<group>"; };
		C085FA42235E01CC007CE63F /* Info.plist */ = {isa = PBXFileReference; lastKnownFileType = text.plist.xml; path = Info.plist; sourceTree = "<group>"; };
		C085FA4A235E0E65007CE63F /* MoviesViewController.swift */ = {isa = PBXFileReference; lastKnownFileType = sourcecode.swift; path = MoviesViewController.swift; sourceTree = "<group>"; };
		C085FA4C235E1535007CE63F /* MovieCell.swift */ = {isa = PBXFileReference; lastKnownFileType = sourcecode.swift; path = MovieCell.swift; sourceTree = "<group>"; };
		F58526C72D8A44DCF463FDD4 /* Pods-Flix.release.xcconfig */ = {isa = PBXFileReference; includeInIndex = 1; lastKnownFileType = text.xcconfig; name = "Pods-Flix.release.xcconfig"; path = "Target Support Files/Pods-Flix/Pods-Flix.release.xcconfig"; sourceTree = "<group>"; };
/* End PBXFileReference section */

/* Begin PBXFrameworksBuildPhase section */
		C085FA2E235E01C4007CE63F /* Frameworks */ = {
			isa = PBXFrameworksBuildPhase;
			buildActionMask = 2147483647;
			files = (
				158DBA17678A1DF36414E9F8 /* Pods_Flix.framework in Frameworks */,
			);
			runOnlyForDeploymentPostprocessing = 0;
		};
/* End PBXFrameworksBuildPhase section */

/* Begin PBXGroup section */
		529A5335F5ED1E1AA4FA9681 /* Frameworks */ = {
			isa = PBXGroup;
			children = (
				89E429076A49C3F1D0D06F00 /* Pods_Flix.framework */,
			);
			name = Frameworks;
			sourceTree = "<group>";
		};
		7917CE258BB6BBDFDF80DF19 /* Pods */ = {
			isa = PBXGroup;
			children = (
				44847537C07FA210704068F1 /* Pods-Flix.debug.xcconfig */,
				F58526C72D8A44DCF463FDD4 /* Pods-Flix.release.xcconfig */,
			);
			path = Pods;
			sourceTree = "<group>";
		};
		C085FA28235E01C4007CE63F = {
			isa = PBXGroup;
			children = (
				C085FA33235E01C4007CE63F /* Flix */,
				C085FA32235E01C4007CE63F /* Products */,
				7917CE258BB6BBDFDF80DF19 /* Pods */,
				529A5335F5ED1E1AA4FA9681 /* Frameworks */,
			);
			sourceTree = "<group>";
		};
		C085FA32235E01C4007CE63F /* Products */ = {
			isa = PBXGroup;
			children = (
				C085FA31235E01C4007CE63F /* Flix.app */,
			);
			name = Products;
			sourceTree = "<group>";
		};
		C085FA33235E01C4007CE63F /* Flix */ = {
			isa = PBXGroup;
			children = (
				C085FA34235E01C4007CE63F /* AppDelegate.swift */,
				C085FA36235E01C4007CE63F /* SceneDelegate.swift */,
				C085FA3A235E01C4007CE63F /* Main.storyboard */,
				C085FA3D235E01CC007CE63F /* Assets.xcassets */,
				C085FA3F235E01CC007CE63F /* LaunchScreen.storyboard */,
				C085FA42235E01CC007CE63F /* Info.plist */,
				C085FA4A235E0E65007CE63F /* MoviesViewController.swift */,
				C085FA4C235E1535007CE63F /* MovieCell.swift */,
				C0402C0B23634D34005C390B /* MovieDetailsViewController.swift */,
				C01501CD2363C57800819B1F /* MovieGridCell.swift */,
				C01501CF2363C69500819B1F /* MovieGridViewController.swift */,
			);
			path = Flix;
			sourceTree = "<group>";
		};
/* End PBXGroup section */

/* Begin PBXNativeTarget section */
		C085FA30235E01C4007CE63F /* Flix */ = {
			isa = PBXNativeTarget;
			buildConfigurationList = C085FA45235E01CC007CE63F /* Build configuration list for PBXNativeTarget "Flix" */;
			buildPhases = (
				69657F6D88118E6E9B2ECE7D /* [CP] Check Pods Manifest.lock */,
				C085FA2D235E01C4007CE63F /* Sources */,
				C085FA2E235E01C4007CE63F /* Frameworks */,
				C085FA2F235E01C4007CE63F /* Resources */,
				B97A34CE15BB795C160A6C14 /* [CP] Embed Pods Frameworks */,
			);
			buildRules = (
			);
			dependencies = (
			);
			name = Flix;
			productName = Flix;
			productReference = C085FA31235E01C4007CE63F /* Flix.app */;
			productType = "com.apple.product-type.application";
		};
/* End PBXNativeTarget section */

/* Begin PBXProject section */
		C085FA29235E01C4007CE63F /* Project object */ = {
			isa = PBXProject;
			attributes = {
				LastSwiftUpdateCheck = 1100;
				LastUpgradeCheck = 1100;
				ORGANIZATIONNAME = "Dinaol Melak";
				TargetAttributes = {
					C085FA30235E01C4007CE63F = {
						CreatedOnToolsVersion = 11.0;
					};
				};
			};
			buildConfigurationList = C085FA2C235E01C4007CE63F /* Build configuration list for PBXProject "Flix" */;
			compatibilityVersion = "Xcode 9.3";
			developmentRegion = en;
			hasScannedForEncodings = 0;
			knownRegions = (
				en,
				Base,
			);
			mainGroup = C085FA28235E01C4007CE63F;
			productRefGroup = C085FA32235E01C4007CE63F /* Products */;
			projectDirPath = "";
			projectRoot = "";
			targets = (
				C085FA30235E01C4007CE63F /* Flix */,
			);
		};
/* End PBXProject section */

/* Begin PBXResourcesBuildPhase section */
		C085FA2F235E01C4007CE63F /* Resources */ = {
			isa = PBXResourcesBuildPhase;
			buildActionMask = 2147483647;
			files = (
				C085FA41235E01CC007CE63F /* LaunchScreen.storyboard in Resources */,
				C085FA3E235E01CC007CE63F /* Assets.xcassets in Resources */,
				C085FA3C235E01C4007CE63F /* Main.storyboard in Resources */,
			);
			runOnlyForDeploymentPostprocessing = 0;
		};
/* End PBXResourcesBuildPhase section */

/* Begin PBXShellScriptBuildPhase section */
		69657F6D88118E6E9B2ECE7D /* [CP] Check Pods Manifest.lock */ = {
			isa = PBXShellScriptBuildPhase;
			buildActionMask = 2147483647;
			files = (
			);
			inputFileListPaths = (
			);
			inputPaths = (
				"${PODS_PODFILE_DIR_PATH}/Podfile.lock",
				"${PODS_ROOT}/Manifest.lock",
			);
			name = "[CP] Check Pods Manifest.lock";
			outputFileListPaths = (
			);
			outputPaths = (
				"$(DERIVED_FILE_DIR)/Pods-Flix-checkManifestLockResult.txt",
			);
			runOnlyForDeploymentPostprocessing = 0;
			shellPath = /bin/sh;
			shellScript = "diff \"${PODS_PODFILE_DIR_PATH}/Podfile.lock\" \"${PODS_ROOT}/Manifest.lock\" > /dev/null\nif [ $? != 0 ] ; then\n    # print error to STDERR\n    echo \"error: The sandbox is not in sync with the Podfile.lock. Run 'pod install' or update your CocoaPods installation.\" >&2\n    exit 1\nfi\n# This output is used by Xcode 'outputs' to avoid re-running this script phase.\necho \"SUCCESS\" > \"${SCRIPT_OUTPUT_FILE_0}\"\n";
			showEnvVarsInLog = 0;
		};
		B97A34CE15BB795C160A6C14 /* [CP] Embed Pods Frameworks */ = {
			isa = PBXShellScriptBuildPhase;
			buildActionMask = 2147483647;
			files = (
			);
			inputFileListPaths = (
				"${PODS_ROOT}/Target Support Files/Pods-Flix/Pods-Flix-frameworks-${CONFIGURATION}-input-files.xcfilelist",
			);
			name = "[CP] Embed Pods Frameworks";
			outputFileListPaths = (
				"${PODS_ROOT}/Target Support Files/Pods-Flix/Pods-Flix-frameworks-${CONFIGURATION}-output-files.xcfilelist",
			);
			runOnlyForDeploymentPostprocessing = 0;
			shellPath = /bin/sh;
			shellScript = "\"${PODS_ROOT}/Target Support Files/Pods-Flix/Pods-Flix-frameworks.sh\"\n";
			showEnvVarsInLog = 0;
		};
/* End PBXShellScriptBuildPhase section */

/* Begin PBXSourcesBuildPhase section */
		C085FA2D235E01C4007CE63F /* Sources */ = {
			isa = PBXSourcesBuildPhase;
			buildActionMask = 2147483647;
			files = (
				C0402C0C23634D34005C390B /* MovieDetailsViewController.swift in Sources */,
				C085FA35235E01C4007CE63F /* AppDelegate.swift in Sources */,
				C085FA37235E01C4007CE63F /* SceneDelegate.swift in Sources */,
				C01501D02363C69500819B1F /* MovieGridViewController.swift in Sources */,
				C085FA4D235E1535007CE63F /* MovieCell.swift in Sources */,
				C01501CE2363C57800819B1F /* MovieGridCell.swift in Sources */,
				C085FA4B235E0E65007CE63F /* MoviesViewController.swift in Sources */,
			);
			runOnlyForDeploymentPostprocessing = 0;
		};
/* End PBXSourcesBuildPhase section */

/* Begin PBXVariantGroup section */
		C085FA3A235E01C4007CE63F /* Main.storyboard */ = {
			isa = PBXVariantGroup;
			children = (
				C085FA3B235E01C4007CE63F /* Base */,
			);
			name = Main.storyboard;
			sourceTree = "<group>";
		};
		C085FA3F235E01CC007CE63F /* LaunchScreen.storyboard */ = {
			isa = PBXVariantGroup;
			children = (
				C085FA40235E01CC007CE63F /* Base */,
			);
			name = LaunchScreen.storyboard;
			sourceTree = "<group>";
		};
/* End PBXVariantGroup section */

/* Begin XCBuildConfiguration section */
		C085FA43235E01CC007CE63F /* Debug */ = {
			isa = XCBuildConfiguration;
			buildSettings = {
				ALWAYS_SEARCH_USER_PATHS = NO;
				CLANG_ANALYZER_NONNULL = YES;
				CLANG_ANALYZER_NUMBER_OBJECT_CONVERSION = YES_AGGRESSIVE;
				CLANG_CXX_LANGUAGE_STANDARD = "gnu++14";
				CLANG_CXX_LIBRARY = "libc++";
				CLANG_ENABLE_MODULES = YES;
				CLANG_ENABLE_OBJC_ARC = YES;
				CLANG_ENABLE_OBJC_WEAK = YES;
				CLANG_WARN_BLOCK_CAPTURE_AUTORELEASING = YES;
				CLANG_WARN_BOOL_CONVERSION = YES;
				CLANG_WARN_COMMA = YES;
				CLANG_WARN_CONSTANT_CONVERSION = YES;
				CLANG_WARN_DEPRECATED_OBJC_IMPLEMENTATIONS = YES;
				CLANG_WARN_DIRECT_OBJC_ISA_USAGE = YES_ERROR;
				CLANG_WARN_DOCUMENTATION_COMMENTS = YES;
				CLANG_WARN_EMPTY_BODY = YES;
				CLANG_WARN_ENUM_CONVERSION = YES;
				CLANG_WARN_INFINITE_RECURSION = YES;
				CLANG_WARN_INT_CONVERSION = YES;
				CLANG_WARN_NON_LITERAL_NULL_CONVERSION = YES;
				CLANG_WARN_OBJC_IMPLICIT_RETAIN_SELF = YES;
				CLANG_WARN_OBJC_LITERAL_CONVERSION = YES;
				CLANG_WARN_OBJC_ROOT_CLASS = YES_ERROR;
				CLANG_WARN_RANGE_LOOP_ANALYSIS = YES;
				CLANG_WARN_STRICT_PROTOTYPES = YES;
				CLANG_WARN_SUSPICIOUS_MOVE = YES;
				CLANG_WARN_UNGUARDED_AVAILABILITY = YES_AGGRESSIVE;
				CLANG_WARN_UNREACHABLE_CODE = YES;
				CLANG_WARN__DUPLICATE_METHOD_MATCH = YES;
				COPY_PHASE_STRIP = NO;
				DEBUG_INFORMATION_FORMAT = dwarf;
				ENABLE_STRICT_OBJC_MSGSEND = YES;
				ENABLE_TESTABILITY = YES;
				GCC_C_LANGUAGE_STANDARD = gnu11;
				GCC_DYNAMIC_NO_PIC = NO;
				GCC_NO_COMMON_BLOCKS = YES;
				GCC_OPTIMIZATION_LEVEL = 0;
				GCC_PREPROCESSOR_DEFINITIONS = (
					"DEBUG=1",
					"$(inherited)",
				);
				GCC_WARN_64_TO_32_BIT_CONVERSION = YES;
				GCC_WARN_ABOUT_RETURN_TYPE = YES_ERROR;
				GCC_WARN_UNDECLARED_SELECTOR = YES;
				GCC_WARN_UNINITIALIZED_AUTOS = YES_AGGRESSIVE;
				GCC_WARN_UNUSED_FUNCTION = YES;
				GCC_WARN_UNUSED_VARIABLE = YES;
				IPHONEOS_DEPLOYMENT_TARGET = 13.0;
				MTL_ENABLE_DEBUG_INFO = INCLUDE_SOURCE;
				MTL_FAST_MATH = YES;
				ONLY_ACTIVE_ARCH = YES;
				SDKROOT = iphoneos;
				SWIFT_ACTIVE_COMPILATION_CONDITIONS = DEBUG;
				SWIFT_OPTIMIZATION_LEVEL = "-Onone";
			};
			name = Debug;
		};
		C085FA44235E01CC007CE63F /* Release */ = {
			isa = XCBuildConfiguration;
			buildSettings = {
				ALWAYS_SEARCH_USER_PATHS = NO;
				CLANG_ANALYZER_NONNULL = YES;
				CLANG_ANALYZER_NUMBER_OBJECT_CONVERSION = YES_AGGRESSIVE;
				CLANG_CXX_LANGUAGE_STANDARD = "gnu++14";
				CLANG_CXX_LIBRARY = "libc++";
				CLANG_ENABLE_MODULES = YES;
				CLANG_ENABLE_OBJC_ARC = YES;
				CLANG_ENABLE_OBJC_WEAK = YES;
				CLANG_WARN_BLOCK_CAPTURE_AUTORELEASING = YES;
				CLANG_WARN_BOOL_CONVERSION = YES;
				CLANG_WARN_COMMA = YES;
				CLANG_WARN_CONSTANT_CONVERSION = YES;
				CLANG_WARN_DEPRECATED_OBJC_IMPLEMENTATIONS = YES;
				CLANG_WARN_DIRECT_OBJC_ISA_USAGE = YES_ERROR;
				CLANG_WARN_DOCUMENTATION_COMMENTS = YES;
				CLANG_WARN_EMPTY_BODY = YES;
				CLANG_WARN_ENUM_CONVERSION = YES;
				CLANG_WARN_INFINITE_RECURSION = YES;
				CLANG_WARN_INT_CONVERSION = YES;
				CLANG_WARN_NON_LITERAL_NULL_CONVERSION = YES;
				CLANG_WARN_OBJC_IMPLICIT_RETAIN_SELF = YES;
				CLANG_WARN_OBJC_LITERAL_CONVERSION = YES;
				CLANG_WARN_OBJC_ROOT_CLASS = YES_ERROR;
				CLANG_WARN_RANGE_LOOP_ANALYSIS = YES;
				CLANG_WARN_STRICT_PROTOTYPES = YES;
				CLANG_WARN_SUSPICIOUS_MOVE = YES;
				CLANG_WARN_UNGUARDED_AVAILABILITY = YES_AGGRESSIVE;
				CLANG_WARN_UNREACHABLE_CODE = YES;
				CLANG_WARN__DUPLICATE_METHOD_MATCH = YES;
				COPY_PHASE_STRIP = NO;
				DEBUG_INFORMATION_FORMAT = "dwarf-with-dsym";
				ENABLE_NS_ASSERTIONS = NO;
				ENABLE_STRICT_OBJC_MSGSEND = YES;
				GCC_C_LANGUAGE_STANDARD = gnu11;
				GCC_NO_COMMON_BLOCKS = YES;
				GCC_WARN_64_TO_32_BIT_CONVERSION = YES;
				GCC_WARN_ABOUT_RETURN_TYPE = YES_ERROR;
				GCC_WARN_UNDECLARED_SELECTOR = YES;
				GCC_WARN_UNINITIALIZED_AUTOS = YES_AGGRESSIVE;
				GCC_WARN_UNUSED_FUNCTION = YES;
				GCC_WARN_UNUSED_VARIABLE = YES;
				IPHONEOS_DEPLOYMENT_TARGET = 13.0;
				MTL_ENABLE_DEBUG_INFO = NO;
				MTL_FAST_MATH = YES;
				SDKROOT = iphoneos;
				SWIFT_COMPILATION_MODE = wholemodule;
				SWIFT_OPTIMIZATION_LEVEL = "-O";
				VALIDATE_PRODUCT = YES;
			};
			name = Release;
		};
		C085FA46235E01CC007CE63F /* Debug */ = {
			isa = XCBuildConfiguration;
			baseConfigurationReference = 44847537C07FA210704068F1 /* Pods-Flix.debug.xcconfig */;
			buildSettings = {
				ASSETCATALOG_COMPILER_APPICON_NAME = AppIcon;
				CODE_SIGN_STYLE = Automatic;
				DEVELOPMENT_TEAM = 8ANT6T3S86;
				INFOPLIST_FILE = Flix/Info.plist;
				IPHONEOS_DEPLOYMENT_TARGET = 13.0;
				LD_RUNPATH_SEARCH_PATHS = (
					"$(inherited)",
					"@executable_path/Frameworks",
				);
				PRODUCT_BUNDLE_IDENTIFIER = com.dinaol.Flix;
				PRODUCT_NAME = "$(TARGET_NAME)";
				SWIFT_VERSION = 5.0;
				TARGETED_DEVICE_FAMILY = "1,2";
			};
			name = Debug;
		};
		C085FA47235E01CC007CE63F /* Release */ = {
			isa = XCBuildConfiguration;
			baseConfigurationReference = F58526C72D8A44DCF463FDD4 /* Pods-Flix.release.xcconfig */;
			buildSettings = {
				ASSETCATALOG_COMPILER_APPICON_NAME = AppIcon;
				CODE_SIGN_STYLE = Automatic;
				DEVELOPMENT_TEAM = 8ANT6T3S86;
				INFOPLIST_FILE = Flix/Info.plist;
				IPHONEOS_DEPLOYMENT_TARGET = 13.0;
				LD_RUNPATH_SEARCH_PATHS = (
					"$(inherited)",
					"@executable_path/Frameworks",
				);
				PRODUCT_BUNDLE_IDENTIFIER = com.dinaol.Flix;
				PRODUCT_NAME = "$(TARGET_NAME)";
				SWIFT_VERSION = 5.0;
				TARGETED_DEVICE_FAMILY = "1,2";
			};
			name = Release;
		};
/* End XCBuildConfiguration section */

/* Begin XCConfigurationList section */
		C085FA2C235E01C4007CE63F /* Build configuration list for PBXProject "Flix" */ = {
			isa = XCConfigurationList;
			buildConfigurations = (
				C085FA43235E01CC007CE63F /* Debug */,
				C085FA44235E01CC007CE63F /* Release */,
			);
			defaultConfigurationIsVisible = 0;
			defaultConfigurationName = Release;
		};
		C085FA45235E01CC007CE63F /* Build configuration list for PBXNativeTarget "Flix" */ = {
			isa = XCConfigurationList;
			buildConfigurations = (
				C085FA46235E01CC007CE63F /* Debug */,
				C085FA47235E01CC007CE63F /* Release */,
			);
			defaultConfigurationIsVisible = 0;
			defaultConfigurationName = Release;
		};
/* End XCConfigurationList section */
	};
	rootObject = C085FA29235E01C4007CE63F /* Project object */;
}
